
Microsoft Visual Studio Solution File, Format Version 12.00
# Visual Studio Version 16
VisualStudioVersion = 16.0.29411.108
MinimumVisualStudioVersion = 10.0.40219.1
Project("{FAE04EC0-301F-11D3-BF4B-00C04F79EFBC}") = "GwentTracker", "GwentTracker.csproj", "{980E98EE-CCA2-4598-A9DA-DEA13F4237BE}"
EndProject
Global
	GlobalSection(SolutionConfigurationPlatforms) = preSolution
		Debug|Any CPU = Debug|Any CPU
		Release|Any CPU = Release|Any CPU
	EndGlobalSection
	GlobalSection(ProjectConfigurationPlatforms) = postSolution
		{980E98EE-CCA2-4598-A9DA-DEA13F4237BE}.Debug|Any CPU.ActiveCfg = Debug|Any CPU
		{980E98EE-CCA2-4598-A9DA-DEA13F4237BE}.Debug|Any CPU.Build.0 = Debug|Any CPU
		{980E98EE-CCA2-4598-A9DA-DEA13F4237BE}.Release|Any CPU.ActiveCfg = Release|Any CPU
		{980E98EE-CCA2-4598-A9DA-DEA13F4237BE}.Release|Any CPU.Build.0 = Release|Any CPU
	EndGlobalSection
	GlobalSection(SolutionProperties) = preSolution
		HideSolutionNode = FALSE
	EndGlobalSection
	GlobalSection(ExtensibilityGlobals) = postSolution
		SolutionGuid = {489F0207-B885-4FED-A919-60232D6ADCB7}
	EndGlobalSection
EndGlobal
